sonata_block:
  default_contexts: [sonata_page_bundle]
  blocks:
    sonata.admin.block.admin_list:
      contexts: [admin]
    sonata.block.service.text:
    sonata.block.service.container:
    sonata.block.service.rss:
    sonata.block.service.menu:
    sonata.block.service.template:
    sonata.block.home:
    ####### Custom Blocks ###########
    sonata.cms.block.home_banner:
    sonata.cms.block.home_services:
    sonata.cms.block.brands:
    sonata.cms.block.faq:
#        templates:
#            - { name: 'Home Page Template', template: 'Application/Sonata/PageBundle/Resources/views/Block/Page/faq_home_page.html.twig' }
#            - { name: 'Inner Page Template',    template: 'Application/Sonata/PageBundle/Resources/views/Block/Page/faq_inner_page.html.twig' }

    sonata.cms.block.awards:
    sonata.cms.block.testimonials:
    sonata.cms.block.blog:
    sonata.cms.block.our_work:
    sonata.cms.block.banner_section:
    sonata.cms.block.badges:
    sonata.cms.block.services:
    sonata.cms.block.portfolio:
    sonata.cms.block.why_choose_us:
    sonata.cms.block.technology_stack:
    sonata.cms.block.industries:
    sonata.cms.block.processes:
    sonata.cms.block.case_study_banner:
    sonata.cms.block.challenge_section:
    sonata.cms.block.our_strategy_section:
    sonata.cms. block.our_approach_section:
    sonata.cms. block.revenue_section:
    #    sonata.cms.block.home_banner:
#        templates:
#           - { name: 'Home Banner', template: 'ApplicationSonataPageBundle::Block/Header/home_page_banner.html.twig' }
#           - { name: 'Inner Banner',    template: 'ApplicationSonataPageBundle::Block/Header/inner_banner.html.twig' }

    # Custom Blocks
    # sonata.cms.block.html:

  #context_manager: sonata.page.block.context_manager
